
Microsoft Visual Studio Solution File, Format Version 12.00
# Visual Studio Version 16
VisualStudioVersion = 16.0.30204.135
MinimumVisualStudioVersion = 10.0.40219.1
Project("{FAE04EC0-301F-11D3-BF4B-00C04F79EFBC}") = "TC-Kimlik-No-UI", "TC-Kimlik-No-UI\TC-Kimlik-No-UI.csproj", "{9B7ECA1B-C78F-4F8B-8A13-9D938CB922C8}"
EndProject
Project("{FAE04EC0-301F-11D3-BF4B-00C04F79EFBC}") = "TC-Kimlik-No-Library", "TC-Kimlik-No-Library\TC-Kimlik-No-Library.csproj", "{07E25176-55F1-43C4-9625-59A9422B7E47}"
EndProject
Global
	GlobalSection(SolutionConfigurationPlatforms) = preSolution
		Debug|Any CPU = Debug|Any CPU
		Release|Any CPU = Release|Any CPU
	EndGlobalSection
	GlobalSection(ProjectConfigurationPlatforms) = postSolution
		{9B7ECA1B-C78F-4F8B-8A13-9D938CB922C8}.Debug|Any CPU.ActiveCfg = Debug|Any CPU
		{9B7ECA1B-C78F-4F8B-8A13-9D938CB922C8}.Debug|Any CPU.Build.0 = Debug|Any CPU
		{9B7ECA1B-C78F-4F8B-8A13-9D938CB922C8}.Release|Any CPU.ActiveCfg = Release|Any CPU
		{9B7ECA1B-C78F-4F8B-8A13-9D938CB922C8}.Release|Any CPU.Build.0 = Release|Any CPU
		{07E25176-55F1-43C4-9625-59A9422B7E47}.Debug|Any CPU.ActiveCfg = Debug|Any CPU
		{07E25176-55F1-43C4-9625-59A9422B7E47}.Debug|Any CPU.Build.0 = Debug|Any CPU
		{07E25176-55F1-43C4-9625-59A9422B7E47}.Release|Any CPU.ActiveCfg = Release|Any CPU
		{07E25176-55F1-43C4-9625-59A9422B7E47}.Release|Any CPU.Build.0 = Release|Any CPU
	EndGlobalSection
	GlobalSection(SolutionProperties) = preSolution
		HideSolutionNode = FALSE
	EndGlobalSection
	GlobalSection(ExtensibilityGlobals) = postSolution
		SolutionGuid = {1E4F4C23-47FE-48D1-B8E1-5C945A6EA485}
	EndGlobalSection
EndGlobal
